<?xml version="1.0" encoding="utf-8"?>
<Project ToolsVersion="4.0" xmlns="http://schemas.microsoft.com/developer/msbuild/2003">
  <ItemGroup>
    <Filter Include="Source Files">
      <UniqueIdentifier>{4FC737F1-C7A5-4376-A066-2A32D752A2FF}</UniqueIdentifier>
      <Extensions>cpp;c;cc;cxx;def;odl;idl;hpj;bat;asm;asmx</Extensions>
    </Filter>
    <Filter Include="Header Files">
      <UniqueIdentifier>{93995380-89BD-4b04-88EB-625FBE52EBFB}</UniqueIdentifier>
      <Extensions>h;hh;hpp;hxx;hm;inl;inc;xsd</Extensions>
    </Filter>
    <Filter Include="Resource Files">
      <UniqueIdentifier>{67DA6AB6-F800-4c08-8B7A-83BB121AAD01}</UniqueIdentifier>
      <Extensions>rc;ico;cur;bmp;dlg;rc2;rct;bin;rgs;gif;jpg;jpeg;jpe;resx;tiff;tif;png;wav;mfcribbon-ms</Extensions>
    </Filter>
    <Filter Include="Header Files\Core">
      <UniqueIdentifier>{7bcc341d-755a-45fa-adde-f238e769d71b}</UniqueIdentifier>
    </Filter>
    <Filter Include="Source Files\Core">
      <UniqueIdentifier>{f84bb32d-68ad-4d52-8952-07a2113ce136}</UniqueIdentifier>
    </Filter>
    <Filter Include="Header Files\Arch">
      <UniqueIdentifier>{81d78cf3-732d-46a4-b66b-f36f799d7465}</UniqueIdentifier>
    </Filter>
    <Filter Include="Header Files\Addin">
      <UniqueIdentifier>{db5e8904-7c79-4de7-8d5b-1120cb31251a}</UniqueIdentifier>
    </Filter>
    <Filter Include="Source Files\Util">
      <UniqueIdentifier>{8fe01d56-4f66-434f-a2b3-de7013fd1a29}</UniqueIdentifier>
    </Filter>
    <Filter Include="Header Files\IO">
      <UniqueIdentifier>{ca68800b-af4a-47a4-a12c-13d3d3060204}</UniqueIdentifier>
    </Filter>
    <Filter Include="Header Files\Algs">
      <UniqueIdentifier>{3f0faa25-6afa-4902-b9e0-1c9f2b3ab036}</UniqueIdentifier>
    </Filter>
    <Filter Include="Source Files\Algs">
      <UniqueIdentifier>{3640fba5-6486-4b0c-a935-fabed0ec90f4}</UniqueIdentifier>
    </Filter>
    <Filter Include="Header Files\Funcs">
      <UniqueIdentifier>{79f9693a-f68d-4006-9cc9-e82a05340e76}</UniqueIdentifier>
    </Filter>
    <Filter Include="Source Files\Funcs">
      <UniqueIdentifier>{77d6a935-87c7-44b6-aba6-a12695ca2fb0}</UniqueIdentifier>
    </Filter>
    <Filter Include="Header Files\Algs\Geometry">
      <UniqueIdentifier>{1d26a66c-7be6-40d6-8bcc-50f3ee2ee1a1}</UniqueIdentifier>
    </Filter>
    <Filter Include="Header Files\Algs\Interpolation">
      <UniqueIdentifier>{09dc6d7a-3c4e-4659-a01c-2a7664b15a30}</UniqueIdentifier>
    </Filter>
    <Filter Include="Source Files\Algs\Interpolation">
      <UniqueIdentifier>{bc8d757e-80ae-4262-8fba-5cb0dde7cfcc}</UniqueIdentifier>
    </Filter>
    <Filter Include="Source Files\Details">
      <UniqueIdentifier>{40c8943e-f2d9-49dd-ae80-b2c086c56fa4}</UniqueIdentifier>
    </Filter>
    <Filter Include="Source Files\Details\CUDA">
      <UniqueIdentifier>{1495b890-5406-4fc5-b486-9958c5d373e1}</UniqueIdentifier>
    </Filter>
    <Filter Include="Source Files\Details\CUDA\Kernels">
      <UniqueIdentifier>{dfbb5ca2-534e-4ad5-9cf9-331c258f7d76}</UniqueIdentifier>
    </Filter>
    <Filter Include="Header Files\Algs\Similarity">
      <UniqueIdentifier>{e268adf3-df8c-4756-8292-9b6c94e70680}</UniqueIdentifier>
    </Filter>
    <Filter Include="Header Files\Algs\Similarity\inl">
      <UniqueIdentifier>{27de2c91-dab0-4bcb-8926-885fff4adc73}</UniqueIdentifier>
    </Filter>
    <Filter Include="Header Files\Detail">
      <UniqueIdentifier>{fafe41e5-0b0e-4975-b5ca-72bd98101be4}</UniqueIdentifier>
    </Filter>
    <Filter Include="Header Files\Detail\range">
      <UniqueIdentifier>{165383fa-e670-4f08-8f52-f59cf41de1d4}</UniqueIdentifier>
    </Filter>
    <Filter Include="Header Files\Detail\cuda">
      <UniqueIdentifier>{21e75018-4d93-41b3-9e9e-6e14505aedd0}</UniqueIdentifier>
    </Filter>
    <Filter Include="Header Files\Detail\memory">
      <UniqueIdentifier>{8c517709-fbaa-47bc-966d-c990cb36a487}</UniqueIdentifier>
    </Filter>
    <Filter Include="Header Files\Detail\traits">
      <UniqueIdentifier>{a5b1a51a-45a9-4305-8e89-e42f8309e07d}</UniqueIdentifier>
    </Filter>
    <Filter Include="Examples">
      <UniqueIdentifier>{0654c52d-0bad-45dd-8f68-e5de533be0c1}</UniqueIdentifier>
    </Filter>
    <Filter Include="Header Files\Funcs\inl">
      <UniqueIdentifier>{407111c2-4a6a-4866-8e0c-0725adbd3b89}</UniqueIdentifier>
    </Filter>
    <Filter Include="Header Files\Detail\math">
      <UniqueIdentifier>{09d662a5-59d1-425a-ad61-94962031c256}</UniqueIdentifier>
    </Filter>
    <Filter Include="Source Files\Details\Nonfree">
      <UniqueIdentifier>{cb69b4a1-807c-46ea-b885-2e50d86ec807}</UniqueIdentifier>
    </Filter>
    <Filter Include="Source Files\Details\Memory">
      <UniqueIdentifier>{2742bc85-21e3-4cb4-9738-d0fa0ca1f42e}</UniqueIdentifier>
    </Filter>
    <Filter Include="Header Files\Detail\tensor">
      <UniqueIdentifier>{965fcf50-4461-4715-a81a-36f93b4661d6}</UniqueIdentifier>
    </Filter>
    <Filter Include="Header Files\Algs\Correlation">
      <UniqueIdentifier>{093b07b7-b2a6-42a4-8f4e-bca1a59f8fe9}</UniqueIdentifier>
    </Filter>
    <Filter Include="Header Files\Algs\Correlation\inline">
      <UniqueIdentifier>{26dca00c-c104-46a1-b0fb-db8d20abfbc6}</UniqueIdentifier>
    </Filter>
    <Filter Include="Header Files\IO\inline">
      <UniqueIdentifier>{f9b7e13e-ae7f-44c6-9d7a-592d56368d91}</UniqueIdentifier>
    </Filter>
    <Filter Include="Header Files\License">
      <UniqueIdentifier>{eb718910-3547-41f8-9d4b-8134cbd0af07}</UniqueIdentifier>
    </Filter>
    <Filter Include="Header Files\Thread">
      <UniqueIdentifier>{2fece094-723c-4d20-8dc5-3d479be2f418}</UniqueIdentifier>
    </Filter>
    <Filter Include="Header Files\Thread\inl">
      <UniqueIdentifier>{b683a9c5-1a80-4376-a1d6-580f60db8a58}</UniqueIdentifier>
    </Filter>
    <Filter Include="Header Files\Detail\inline">
      <UniqueIdentifier>{09339ca4-a7f2-41af-9dce-ed8962478bb9}</UniqueIdentifier>
    </Filter>
    <Filter Include="Header Files\Algs\Graphics">
      <UniqueIdentifier>{4b58a893-2f5c-426b-a86f-050ce06b1848}</UniqueIdentifier>
    </Filter>
    <Filter Include="Header Files\Algs\DeepLearning">
      <UniqueIdentifier>{6d8667e1-1847-4041-9193-50d3f55843e3}</UniqueIdentifier>
    </Filter>
    <Filter Include="Header Files\Algs\DeepLearning\Kernels">
      <UniqueIdentifier>{7411fc17-630f-4228-9570-11270751a97b}</UniqueIdentifier>
    </Filter>
    <Filter Include="Header Files\Algs\DeepLearning\Functions">
      <UniqueIdentifier>{6ade2d7d-1222-4837-b8ac-8bd715338058}</UniqueIdentifier>
    </Filter>
    <Filter Include="Header Files\Addin\eigen">
      <UniqueIdentifier>{11407415-926f-477d-90df-0cfc810a66d0}</UniqueIdentifier>
    </Filter>
    <Filter Include="Header Files\Addin\eigen\autodiff">
      <UniqueIdentifier>{e5827951-4548-4191-9cf1-290b0b418598}</UniqueIdentifier>
    </Filter>
    <Filter Include="Header Files\Addin\gui">
      <UniqueIdentifier>{da48dbfb-df67-4870-a0a6-8f87648ca827}</UniqueIdentifier>
    </Filter>
    <Filter Include="Header Files\Detail\math\nonfree">
      <UniqueIdentifier>{c5af5bf5-c77b-41c2-b880-4a6b9604f5a0}</UniqueIdentifier>
    </Filter>
    <Filter Include="Header Files\Detail\math\nonfree\inl">
      <UniqueIdentifier>{ffdc0ac3-3e00-45a3-824d-5b0216a5f8c2}</UniqueIdentifier>
    </Filter>
    <Filter Include="Header Files\Algs\Interpolation\inline">
      <UniqueIdentifier>{08f02915-7ef2-4f21-a3a5-c89a2b73afeb}</UniqueIdentifier>
    </Filter>
    <Filter Include="Header Files\Detail\container">
      <UniqueIdentifier>{964b65b8-9a9a-47d9-9bec-7d76d0720b9f}</UniqueIdentifier>
    </Filter>
    <Filter Include="Header Files\Algs\Stereovision">
      <UniqueIdentifier>{2ea01202-bb99-4419-a408-aba73b399ad6}</UniqueIdentifier>
    </Filter>
    <Filter Include="Header Files\Algs\DeepLearning\Layers">
      <UniqueIdentifier>{c6ab27da-58e3-4fba-8f90-233f84fd5fa5}</UniqueIdentifier>
    </Filter>
    <Filter Include="Header Files\Algs\DeepLearning\Convolution">
      <UniqueIdentifier>{77fe9ef4-1397-48de-8da8-a8279b23aa3f}</UniqueIdentifier>
    </Filter>
    <Filter Include="Header Files\Algs\DeepLearning\Models">
      <UniqueIdentifier>{3a5d8763-6700-4334-9540-e405a62b8d61}</UniqueIdentifier>
    </Filter>
    <Filter Include="Header Files\Addin\libtiff">
      <UniqueIdentifier>{1119b797-6314-4a43-8aea-8993215b95f2}</UniqueIdentifier>
    </Filter>
    <Filter Include="Source Files\3rdparty">
      <UniqueIdentifier>{bee3b1ae-6a99-4e8e-a8e7-722a84ddafd4}</UniqueIdentifier>
    </Filter>
    <Filter Include="Header Files\Addin\libpng">
      <UniqueIdentifier>{36a0b5cc-bdef-4110-a1ac-f5b17c4affa8}</UniqueIdentifier>
    </Filter>
    <Filter Include="Header Files\Detail\core">
      <UniqueIdentifier>{a6e47179-54cc-4d7b-bf5f-3e2254a17bae}</UniqueIdentifier>
    </Filter>
    <Filter Include="Header Files\Detail\core\inline">
      <UniqueIdentifier>{b88d248b-30ee-4f19-8369-13b6e621a9d0}</UniqueIdentifier>
    </Filter>
    <Filter Include="Header Files\Detail\memory\inline">
      <UniqueIdentifier>{7c8b2ea0-e247-4d05-85c5-39a88b5fad6c}</UniqueIdentifier>
    </Filter>
    <Filter Include="Header Files\3rdparty">
      <UniqueIdentifier>{bf3a3889-2995-46c0-8d5f-c19a15e148d4}</UniqueIdentifier>
    </Filter>
    <Filter Include="Header Files\Detail\math\lapack">
      <UniqueIdentifier>{23843fd4-a734-4563-883a-107d2e2e17a3}</UniqueIdentifier>
    </Filter>
    <Filter Include="Header Files\Detail\math\blas">
      <UniqueIdentifier>{2e1e3d23-da9b-4bef-a81b-91a5bbf470dd}</UniqueIdentifier>
    </Filter>
    <Filter Include="Source Files\Details\math">
      <UniqueIdentifier>{cb96645d-dc78-48fb-b698-f69e677eaaf7}</UniqueIdentifier>
    </Filter>
    <Filter Include="Source Files\IO">
      <UniqueIdentifier>{d520d05d-68f5-4b29-992e-803b19218937}</UniqueIdentifier>
    </Filter>
    <Filter Include="Header Files\Detail\autodiff">
      <UniqueIdentifier>{e808d49f-e70a-4c9c-9d73-a5dd24ff2b50}</UniqueIdentifier>
    </Filter>
    <Filter Include="Header Files\Detail\autodiff\inline">
      <UniqueIdentifier>{d3d722b3-ca0e-4472-81a9-001adf8cfbc6}</UniqueIdentifier>
    </Filter>
    <Filter Include="Header Files\Algs\Geometry\manifold">
      <UniqueIdentifier>{eefb38d8-a31f-43e6-b75a-42c07bd4ed32}</UniqueIdentifier>
    </Filter>
    <Filter Include="Header Files\Algs\Geometry\manifold\Lie">
      <UniqueIdentifier>{23b309b4-4b4c-4241-8e78-edc171b2fcd2}</UniqueIdentifier>
    </Filter>
    <Filter Include="Header Files\Detail\accessors">
      <UniqueIdentifier>{3e37ef73-5605-4977-8159-953c98b298be}</UniqueIdentifier>
    </Filter>
    <Filter Include="Header Files\Algs\Optimization">
      <UniqueIdentifier>{39eda61b-1f71-48e6-84f8-407609565393}</UniqueIdentifier>
    </Filter>
    <Filter Include="Header Files\Algs\Spline">
      <UniqueIdentifier>{81d8d0c7-b6cf-498f-ae95-a9368377c5b6}</UniqueIdentifier>
    </Filter>
    <Filter Include="Header Files\Algs\Stereovision\refractive">
      <UniqueIdentifier>{f051172f-23e2-4827-9613-1168f1cf15a1}</UniqueIdentifier>
    </Filter>
    <Filter Include="Header Files\Algs\Stereovision\refractive\inline">
      <UniqueIdentifier>{e71e77d2-ae79-4cbb-a8f1-2c4c9fe0f5b1}</UniqueIdentifier>
    </Filter>
    <Filter Include="Header Files\Algs\transform">
      <UniqueIdentifier>{abbc4ff7-5025-44de-8fcb-bb1b0fa65caf}</UniqueIdentifier>
    </Filter>
    <Filter Include="Source Files\Algs\transforms">
      <UniqueIdentifier>{8a8f45e6-77e2-441d-ae88-3cc2fed294f1}</UniqueIdentifier>
    </Filter>
    <Filter Include="Header Files\Math">
      <UniqueIdentifier>{04d9fcfb-b471-4a20-ba1c-7c96dcbb1397}</UniqueIdentifier>
    </Filter>
    <Filter Include="Header Files\Algs\Statistics">
      <UniqueIdentifier>{bc759b18-c791-4c6d-9888-7e0b7e7e079b}</UniqueIdentifier>
    </Filter>
    <Filter Include="Header Files\Algs\DeepLearning\Data">
      <UniqueIdentifier>{88fb4997-7b29-4508-88ce-59eaf23fdd86}</UniqueIdentifier>
    </Filter>
    <Filter Include="Header Files\Utils">
      <UniqueIdentifier>{4e312bcb-d0eb-4cca-ae67-73b4291a5eca}</UniqueIdentifier>
    </Filter>
    <Filter Include="Header Files\Arch\Sys">
      <UniqueIdentifier>{6671fb84-a0ff-43bc-81b8-c90be9dc8a0b}</UniqueIdentifier>
    </Filter>
    <Filter Include="Header Files\Arch\Inline">
      <UniqueIdentifier>{7a24d11a-4018-4aac-b89c-eb8b6042867b}</UniqueIdentifier>
    </Filter>
  </ItemGroup>
  <ItemGroup>
    <ClInclude Include="addin\interface.h">
      <Filter>Header Files\Addin</Filter>
    </ClInclude>
    <ClInclude Include="src\private\generic_fast_math.hpp">
      <Filter>Source Files\Details</Filter>
    </ClInclude>
    <ClInclude Include="include\Matrice\core\matrix.h">
      <Filter>Header Files\Core</Filter>
    </ClInclude>
    <ClInclude Include="include\Matrice\core\vector.h">
      <Filter>Header Files\Core</Filter>
    </ClInclude>
    <ClInclude Include="include\Matrice\util\_macros.h">
      <Filter>Header Files\Utils</Filter>
    </ClInclude>
    <ClInclude Include="include\Matrice\core\solver.h">
      <Filter>Header Files\Core</Filter>
    </ClInclude>
    <ClInclude Include="include\Matrice\util\_type_defs.h">
      <Filter>Header Files\Utils</Filter>
    </ClInclude>
    <ClInclude Include="include\Matrice\util\genalgs.h">
      <Filter>Header Files\Utils</Filter>
    </ClInclude>
    <ClInclude Include="include\Matrice\arch\_ixbase.h">
      <Filter>Header Files\Arch</Filter>
    </ClInclude>
    <ClInclude Include="include\Matrice\arch\ixpacket.h">
      <Filter>Header Files\Arch</Filter>
    </ClInclude>
    <ClInclude Include="..\..\..\Librares\Ceres1130\ceres\include\ceres\dgelom\extras.h">
      <Filter>Header Files\Addin</Filter>
    </ClInclude>
    <ClInclude Include="include\Matrice\algs\imageproc.hpp">
      <Filter>Header Files\Algs</Filter>
    </ClInclude>
    <ClInclude Include="include\Matrice\arch\_ixtraits.hpp">
      <Filter>Header Files\Arch</Filter>
    </ClInclude>
    <ClInclude Include="include\Matrice\arch\inl\_ixops.hpp">
      <Filter>Header Files\Arch\Inline</Filter>
    </ClInclude>
    <ClInclude Include="include\Matrice\algs\geometry\transform.h">
      <Filter>Header Files\Algs\Geometry</Filter>
    </ClInclude>
    <ClInclude Include="include\Matrice\algs\geometry\normalization.h">
      <Filter>Header Files\Algs\Geometry</Filter>
    </ClInclude>
    <ClInclude Include="include\Matrice\algs\interpolation.h">
      <Filter>Header Files\Algs</Filter>
    </ClInclude>
    <ClInclude Include="include\Matrice\algs\interpolation\_base.h">
      <Filter>Header Files\Algs\Interpolation</Filter>
    </ClInclude>
    <ClInclude Include="src\private\cuda\_ewise_kernels.cuh">
      <Filter>Source Files\Details\CUDA\Kernels</Filter>
    </ClInclude>
    <ClInclude Include="include\Matrice\private\_decl_dev_funcs.h">
      <Filter>Header Files\Detail\cuda</Filter>
    </ClInclude>
    <ClInclude Include="include\Matrice\private\_dev_matrix_base.h">
      <Filter>Header Files\Detail\cuda</Filter>
    </ClInclude>
    <ClInclude Include="include\Matrice\private\_devops.h">
      <Filter>Header Files\Detail\cuda</Filter>
    </ClInclude>
    <ClInclude Include="include\Matrice\algs\interpolation\_interpolation.h">
      <Filter>Header Files\Algs\Interpolation</Filter>
    </ClInclude>
    <ClInclude Include="include\Matrice\algs\similarity.h">
      <Filter>Header Files\Algs\Similarity</Filter>
    </ClInclude>
    <ClInclude Include="include\Matrice\algs\similarity\_similarity_traits.h">
      <Filter>Header Files\Algs\Similarity</Filter>
    </ClInclude>
    <ClInclude Include="include\Matrice\private\_memory.h">
      <Filter>Header Files\Detail\memory</Filter>
    </ClInclude>
    <ClInclude Include="include\Matrice\private\_storage.hpp">
      <Filter>Header Files\Detail\memory</Filter>
    </ClInclude>
    <ClInclude Include="include\Matrice\private\_unified_memory.h">
      <Filter>Header Files\Detail\memory</Filter>
    </ClInclude>
    <ClInclude Include="include\Matrice\private\_type_traits.h">
      <Filter>Header Files\Detail\traits</Filter>
    </ClInclude>
    <ClInclude Include="include\Matrice\private\_iterator.h">
      <Filter>Header Files\Detail\accessors</Filter>
    </ClInclude>
    <ClInclude Include="include\Matrice\private\_view.h">
      <Filter>Header Files\Detail\accessors</Filter>
    </ClInclude>
    <ClInclude Include="include\Matrice\private\_range.h">
      <Filter>Header Files\Detail\range</Filter>
    </ClInclude>
    <ClInclude Include="examples\basic_matrix_usage.h">
      <Filter>Examples</Filter>
    </ClInclude>
    <ClInclude Include="include\Matrice\private\_size_traits.h">
      <Filter>Header Files\Detail\traits</Filter>
    </ClInclude>
    <ClInclude Include="include\Matrice\private\_function_traits.h">
      <Filter>Header Files\Detail\traits</Filter>
    </ClInclude>
    <ClInclude Include="include\Matrice\private\_typelist.h">
      <Filter>Header Files\Detail\traits</Filter>
    </ClInclude>
    <ClInclude Include="include\Matrice\arch\inl\_ixop_impls.hpp">
      <Filter>Header Files\Arch\Inline</Filter>
    </ClInclude>
    <ClInclude Include="include\Matrice\util\utils.h">
      <Filter>Header Files\Utils</Filter>
    </ClInclude>
    <ClInclude Include="include\Matrice\funcs\_functions.h">
      <Filter>Header Files\Funcs</Filter>
    </ClInclude>
    <ClInclude Include="include\Matrice\private\math\_svd.h">
      <Filter>Header Files\Detail\math</Filter>
    </ClInclude>
    <ClInclude Include="include\Matrice\private\math\_linear_solver.h">
      <Filter>Header Files\Detail\math</Filter>
    </ClInclude>
    <ClInclude Include="include\Matrice\private\_matrix_ops.hpp">
      <Filter>Header Files\Detail\core</Filter>
    </ClInclude>
    <ClInclude Include="include\Matrice\core\tensor.h">
      <Filter>Header Files\Core</Filter>
    </ClInclude>
    <ClInclude Include="include\Matrice\private\tensor\_tensor_exp.hpp">
      <Filter>Header Files\Detail\tensor</Filter>
    </ClInclude>
    <ClInclude Include="include\Matrice\algs\interpolation\_splineinterp.h">
      <Filter>Header Files\Algs\Interpolation</Filter>
    </ClInclude>
    <ClInclude Include="include\Matrice\private\_tag_defs.h">
      <Filter>Header Files\Detail\traits</Filter>
    </ClInclude>
    <ClInclude Include="include\Matrice\private\math\_linear.h">
      <Filter>Header Files\Detail\math</Filter>
    </ClInclude>
    <ClInclude Include="include\Matrice\algs\similarity\_iterative_conv_impl.h">
      <Filter>Header Files\Algs\Similarity</Filter>
    </ClInclude>
    <ClInclude Include="include\Matrice\algs\correlation\_optim.h">
      <Filter>Header Files\Algs\Correlation</Filter>
    </ClInclude>
    <ClInclude Include="include\Matrice\algs\correlation\_correlation_traits.h">
      <Filter>Header Files\Algs\Correlation</Filter>
    </ClInclude>
    <ClInclude Include="include\Matrice\lic\license.h">
      <Filter>Header Files\License</Filter>
    </ClInclude>
    <ClInclude Include="include\Matrice\util\_exception.h">
      <Filter>Header Files\Utils</Filter>
    </ClInclude>
    <ClInclude Include="include\Matrice\util\_std_wrapper.h">
      <Filter>Header Files\Utils</Filter>
    </ClInclude>
    <ClInclude Include="include\Matrice\thread\inline\_thread_parallel_nd.inl">
      <Filter>Header Files\Thread\inl</Filter>
    </ClInclude>
    <ClInclude Include="include\Matrice\thread\_thread.h">
      <Filter>Header Files\Thread</Filter>
    </ClInclude>
    <ClInclude Include="include\Matrice\private\math\_config.h">
      <Filter>Header Files\Detail\math</Filter>
    </ClInclude>
    <ClInclude Include="include\Matrice\algs\erroranalysis\_common.h">
      <Filter>Header Files\Algs\Statistics</Filter>
    </ClInclude>
    <ClInclude Include="include\Matrice\algs\dnn\kernels\_kernels.h">
      <Filter>Header Files\Algs\DeepLearning\Kernels</Filter>
    </ClInclude>
    <ClInclude Include="include\Matrice\algs\dnn\functions.h">
      <Filter>Header Files\Algs\DeepLearning</Filter>
    </ClInclude>
    <ClInclude Include="include\Matrice\io\io.hpp">
      <Filter>Header Files\IO</Filter>
    </ClInclude>
    <ClInclude Include="include\Matrice\io\hrc.hpp">
      <Filter>Header Files\IO</Filter>
    </ClInclude>
    <ClInclude Include="include\Matrice\private\math\_primitive_funcs.hpp">
      <Filter>Header Files\Detail\math</Filter>
    </ClInclude>
    <ClInclude Include="include\Matrice\algs\correlation\_utils.hpp">
      <Filter>Header Files\Algs\Correlation</Filter>
    </ClInclude>
    <ClInclude Include="include\Matrice\algs\interpolation\_mba.hpp">
      <Filter>Header Files\Algs\Interpolation</Filter>
    </ClInclude>
    <ClInclude Include="include\Matrice\private\container\_multi_array.hpp">
      <Filter>Header Files\Detail\container</Filter>
    </ClInclude>
    <ClInclude Include="include\Matrice\algs\graphics\_distance.hpp">
      <Filter>Header Files\Algs\Graphics</Filter>
    </ClInclude>
    <ClInclude Include="include\Matrice\util\_property.hpp">
      <Filter>Header Files\Utils</Filter>
    </ClInclude>
    <ClInclude Include="include\Matrice\algs\stereovision\_projection.hpp">
      <Filter>Header Files\Algs\Stereovision</Filter>
    </ClInclude>
    <ClInclude Include="include\Matrice\algs\dnn\layer\_layer_base.hpp">
      <Filter>Header Files\Algs\DeepLearning\Layers</Filter>
    </ClInclude>
    <ClInclude Include="include\Matrice\private\tensor\_tensor_old.hpp">
      <Filter>Header Files\Detail\tensor</Filter>
    </ClInclude>
    <ClInclude Include="include\Matrice\private\tensor\_tensor.hpp">
      <Filter>Header Files\Detail\tensor</Filter>
    </ClInclude>
    <ClInclude Include="include\Matrice\algs\dnn\layer\_input_layer.hpp">
      <Filter>Header Files\Algs\DeepLearning\Layers</Filter>
    </ClInclude>
    <ClInclude Include="include\Matrice\algs\dnn\layer\_layers.hpp">
      <Filter>Header Files\Algs\DeepLearning\Layers</Filter>
    </ClInclude>
    <ClInclude Include="include\Matrice\algs\dnn\conv\_conv_impl.hpp">
      <Filter>Header Files\Algs\DeepLearning\Convolution</Filter>
    </ClInclude>
    <ClInclude Include="include\Matrice\private\tensor\_tensor_wrapper.hpp">
      <Filter>Header Files\Detail\tensor</Filter>
    </ClInclude>
    <ClInclude Include="include\Matrice\algs\dnn\models\_basic_model.hpp">
      <Filter>Header Files\Algs\DeepLearning\Models</Filter>
    </ClInclude>
    <ClInclude Include="include\Matrice\algs\interpolation\_bilinear.hpp">
      <Filter>Header Files\Algs\Interpolation</Filter>
    </ClInclude>
    <ClInclude Include="addin\libtiff\t4.h">
      <Filter>Header Files\Addin\libtiff</Filter>
    </ClInclude>
    <ClInclude Include="addin\libtiff\tif_dir.h">
      <Filter>Header Files\Addin\libtiff</Filter>
    </ClInclude>
    <ClInclude Include="addin\libtiff\tif_fax3.h">
      <Filter>Header Files\Addin\libtiff</Filter>
    </ClInclude>
    <ClInclude Include="addin\libtiff\tif_predict.h">
      <Filter>Header Files\Addin\libtiff</Filter>
    </ClInclude>
    <ClInclude Include="addin\libtiff\tiff.h">
      <Filter>Header Files\Addin\libtiff</Filter>
    </ClInclude>
    <ClInclude Include="addin\libtiff\tiffio.h">
      <Filter>Header Files\Addin\libtiff</Filter>
    </ClInclude>
    <ClInclude Include="addin\libtiff\tiffio.hxx">
      <Filter>Header Files\Addin\libtiff</Filter>
    </ClInclude>
    <ClInclude Include="addin\libtiff\tiffiop.h">
      <Filter>Header Files\Addin\libtiff</Filter>
    </ClInclude>
    <ClInclude Include="addin\libtiff\tiffvers.h">
      <Filter>Header Files\Addin\libtiff</Filter>
    </ClInclude>
    <ClInclude Include="addin\libtiff\uvcode.h">
      <Filter>Header Files\Addin\libtiff</Filter>
    </ClInclude>
    <ClInclude Include="include\Matrice\io\_tiff_wrapper.hpp">
      <Filter>Header Files\Addin</Filter>
    </ClInclude>
    <ClInclude Include="include\Matrice\algs\geometry\_geo_utils.hpp">
      <Filter>Header Files\Algs\Geometry</Filter>
    </ClInclude>
    <ClInclude Include="addin\libpng\png.h">
      <Filter>Header Files\Addin\libpng</Filter>
    </ClInclude>
    <ClInclude Include="addin\libpng\pngconf.h">
      <Filter>Header Files\Addin\libpng</Filter>
    </ClInclude>
    <ClInclude Include="addin\libpng\pngdebug.h">
      <Filter>Header Files\Addin\libpng</Filter>
    </ClInclude>
    <ClInclude Include="addin\libpng\pnginfo.h">
      <Filter>Header Files\Addin\libpng</Filter>
    </ClInclude>
    <ClInclude Include="addin\libpng\pnglibconf.h">
      <Filter>Header Files\Addin\libpng</Filter>
    </ClInclude>
    <ClInclude Include="addin\libpng\pngpriv.h">
      <Filter>Header Files\Addin\libpng</Filter>
    </ClInclude>
    <ClInclude Include="addin\libpng\pngstruct.h">
      <Filter>Header Files\Addin\libpng</Filter>
    </ClInclude>
    <ClInclude Include="include\Matrice\io\_png_wrapper.hpp">
      <Filter>Header Files\Addin</Filter>
    </ClInclude>
    <ClInclude Include="include\Matrice\private\_shape.hpp">
      <Filter>Header Files\Detail\core</Filter>
    </ClInclude>
    <ClInclude Include="include\Matrice\private\_plain_base.hpp">
      <Filter>Header Files\Detail\core</Filter>
    </ClInclude>
    <ClInclude Include="include\Matrice\private\_plain_exp.hpp">
      <Filter>Header Files\Detail\core</Filter>
    </ClInclude>
    <ClInclude Include="include\Matrice\private\_scalar.hpp">
      <Filter>Header Files\Detail\core</Filter>
    </ClInclude>
    <ClInclude Include="include\Matrice\private\storage\forward.hpp">
      <Filter>Header Files\Detail\memory</Filter>
    </ClInclude>
    <ClInclude Include="include\Matrice\3rdparty\interface.hpp">
      <Filter>Header Files\3rdparty</Filter>
    </ClInclude>
    <ClInclude Include="include\Matrice\private\math\kernel_wrapper.hpp">
      <Filter>Header Files\Detail\math</Filter>
    </ClInclude>
    <ClInclude Include="resource.h">
      <Filter>Resource Files</Filter>
    </ClInclude>
    <ClInclude Include="include\Matrice\algs\forward.hpp">
      <Filter>Header Files\Algs</Filter>
    </ClInclude>
    <ClInclude Include="include\Matrice\private\_refs.hpp">
      <Filter>Header Files\Detail\core</Filter>
    </ClInclude>
    <ClInclude Include="include\Matrice\algs\stereovision\_depth_estimation.hpp">
      <Filter>Header Files\Algs\Stereovision</Filter>
    </ClInclude>
    <ClInclude Include="include\Matrice\algs\correlation.hpp">
      <Filter>Header Files\Algs</Filter>
    </ClInclude>
    <ClInclude Include="include\Matrice\util\_conditional_macros.h">
      <Filter>Header Files\Utils</Filter>
    </ClInclude>
    <ClInclude Include="include\Matrice\algs\interpolation\_cubic_conv_interp.hpp">
      <Filter>Header Files\Algs\Interpolation</Filter>
    </ClInclude>
    <ClInclude Include="include\Matrice\algs\geometry\quaternion.hpp">
      <Filter>Header Files\Algs\Geometry</Filter>
    </ClInclude>
    <ClInclude Include="include\Matrice\algs\geometry\geo_fwd.hpp">
      <Filter>Header Files\Algs\Geometry</Filter>
    </ClInclude>
    <ClInclude Include="include\Matrice\private\math\_linear_solver.hpp">
      <Filter>Header Files\Detail\math</Filter>
    </ClInclude>
    <ClInclude Include="include\Matrice\forward.hpp">
      <Filter>Header Files\Core</Filter>
    </ClInclude>
    <ClInclude Include="include\Matrice\math_forward.hpp">
      <Filter>Header Files\Detail</Filter>
    </ClInclude>
    <ClInclude Include="include\Matrice\private\autograd\_ad_utils.h">
      <Filter>Header Files\Detail\autodiff</Filter>
    </ClInclude>
    <ClInclude Include="include\Matrice\private\autograd\_ad_ops.h">
      <Filter>Header Files\Detail\autodiff</Filter>
    </ClInclude>
    <ClInclude Include="include\Matrice\private\autograd\_ad_exps.h">
      <Filter>Header Files\Detail\autodiff</Filter>
    </ClInclude>
    <ClInclude Include="include\Matrice\private\autograd\_ad_scalar.hpp">
      <Filter>Header Files\Detail\autodiff</Filter>
    </ClInclude>
    <ClInclude Include="include\Matrice\private\math\_linear_kernel.hpp">
      <Filter>Header Files\Detail\math\lapack</Filter>
    </ClInclude>
    <ClInclude Include="include\Matrice\algs\geometry\Lie\_Lie_fwd.hpp">
      <Filter>Header Files\Algs\Geometry\manifold\Lie</Filter>
    </ClInclude>
    <ClInclude Include="include\Matrice\algs\geometry\Lie\_Lie_traits.hpp">
      <Filter>Header Files\Algs\Geometry\manifold\Lie</Filter>
    </ClInclude>
    <ClInclude Include="include\Matrice\algs\geometry\Lie\_Lie_group.hpp">
      <Filter>Header Files\Algs\Geometry\manifold\Lie</Filter>
    </ClInclude>
    <ClInclude Include="include\Matrice\algs\geometry\lie.hpp">
      <Filter>Header Files\Algs\Geometry</Filter>
    </ClInclude>
    <ClInclude Include="include\Matrice\algs\geometry\Lie\_Lie_base.hpp">
      <Filter>Header Files\Algs\Geometry\manifold\Lie</Filter>
    </ClInclude>
    <ClInclude Include="include\Matrice\algs\stereovision\_spatial_transform.hpp">
      <Filter>Header Files\Algs\Stereovision</Filter>
    </ClInclude>
    <ClInclude Include="include\Matrice\algs\stereovision\_triangulation.hpp">
      <Filter>Header Files\Algs\Stereovision</Filter>
    </ClInclude>
    <ClInclude Include="include\Matrice\algs\stereovis.hpp">
      <Filter>Header Files\Algs</Filter>
    </ClInclude>
    <ClInclude Include="include\Matrice\private\_bounded_pointer.hpp">
      <Filter>Header Files\Detail\accessors</Filter>
    </ClInclude>
    <ClInclude Include="include\Matrice\algs\optimization\_intelli_optims.hpp">
      <Filter>Header Files\Algs\Optimization</Filter>
    </ClInclude>
    <ClInclude Include="include\Matrice\private\math\fast_native_math_funcs.hpp">
      <Filter>Header Files\Detail\math</Filter>
    </ClInclude>
    <ClInclude Include="include\Matrice\private\nonfree\blas_lapack_kernel.h">
      <Filter>Header Files\Detail\math\nonfree</Filter>
    </ClInclude>
    <ClInclude Include="include\Matrice\algs\geometry.hpp">
      <Filter>Header Files\Algs</Filter>
    </ClInclude>
    <ClInclude Include="include\Matrice\private\_index.hpp">
      <Filter>Header Files\Detail\core</Filter>
    </ClInclude>
    <ClInclude Include="include\Matrice\private\container\_queue.hpp">
      <Filter>Header Files\Detail\container</Filter>
    </ClInclude>
    <ClInclude Include="include\Matrice\algs\graphics\utils.hpp">
      <Filter>Header Files\Algs\Graphics</Filter>
    </ClInclude>
    <ClInclude Include="include\Matrice\algs\graphics.hpp">
      <Filter>Header Files\Algs</Filter>
    </ClInclude>
    <ClInclude Include="examples\dic_ex.hpp">
      <Filter>Examples</Filter>
    </ClInclude>
    <ClInclude Include="include\Matrice\core\image.h">
      <Filter>Header Files\Core</Filter>
    </ClInclude>
    <ClInclude Include="include\Matrice\algs\correlation\_graph_executor.h">
      <Filter>Header Files\Algs\Correlation</Filter>
    </ClInclude>
    <ClInclude Include="include\Matrice\algs\stereovision\_camera.hpp">
      <Filter>Header Files\Algs\Stereovision</Filter>
    </ClInclude>
    <ClInclude Include="include\Matrice\solver.hpp">
      <Filter>Header Files\Core</Filter>
    </ClInclude>
    <ClInclude Include="include\Matrice\util\version.h">
      <Filter>Header Files\Utils</Filter>
    </ClInclude>
    <ClInclude Include="include\Matrice\algs\spline.h">
      <Filter>Header Files\Algs\Spline</Filter>
    </ClInclude>
    <ClInclude Include="include\Matrice\algs\spline\_spline.hpp">
      <Filter>Header Files\Algs\Spline</Filter>
    </ClInclude>
    <ClInclude Include="examples\csvio_ex.hpp">
      <Filter>Examples</Filter>
    </ClInclude>
    <ClInclude Include="examples\speckle_ex.hpp">
      <Filter>Examples</Filter>
    </ClInclude>
    <ClInclude Include="include\Matrice\algs\stereovision\refractive3D\_refractive3d.h">
      <Filter>Header Files\Algs\Stereovision\refractive</Filter>
    </ClInclude>
    <ClInclude Include="include\Matrice\algs\stereovision\refractive3D\_refractive3d_funcs.h">
      <Filter>Header Files\Algs\Stereovision\refractive</Filter>
    </ClInclude>
    <ClInclude Include="include\Matrice\algs\transform\_fft.hpp">
      <Filter>Header Files\Algs\transform</Filter>
    </ClInclude>
    <ClInclude Include="include\Matrice\core\functions.h">
      <Filter>Header Files\Core</Filter>
    </ClInclude>
    <ClInclude Include="examples\2dresfrep_ex.hpp">
      <Filter>Examples</Filter>
    </ClInclude>
    <ClInclude Include="include\Matrice\private\math\_complex.hpp">
      <Filter>Header Files\Detail\math</Filter>
    </ClInclude>
    <ClInclude Include="include\Matrice\math\complex.h">
      <Filter>Header Files\Math</Filter>
    </ClInclude>
    <ClInclude Include="include\Matrice\algs\dnn\_dataset_ops.hpp">
      <Filter>Header Files\Algs\DeepLearning\Data</Filter>
    </ClInclude>
    <ClInclude Include="include\Matrice\core\algorithm.h">
      <Filter>Header Files\Core</Filter>
    </ClInclude>
    <ClInclude Include="include\Matrice\arch\sys\info_rep.h">
      <Filter>Header Files\Arch\Sys</Filter>
    </ClInclude>
    <ClInclude Include="examples\autodiff_ex.hpp">
      <Filter>Examples</Filter>
    </ClInclude>
    <ClInclude Include="include\Matrice\private\_concepts.hpp">
      <Filter>Header Files\Detail\core</Filter>
    </ClInclude>
    <ClInclude Include="examples\simd_ex.hpp">
      <Filter>Examples</Filter>
    </ClInclude>
    <ClInclude Include="include\Matrice\arch\simd.h">
      <Filter>Header Files\Arch</Filter>
    </ClInclude>
    <ClInclude Include="include\Matrice\arch\_simd_traits.hpp">
      <Filter>Header Files\Arch</Filter>
    </ClInclude>
    <ClInclude Include="include\Matrice\arch\_simd_accessors.h">
      <Filter>Header Files\Arch</Filter>
    </ClInclude>
    <ClInclude Include="include\Matrice\arch\inl\_simd_accessor.hpp">
      <Filter>Header Files\Arch\Inline</Filter>
    </ClInclude>
  </ItemGroup>
  <ItemGroup>
    <ClCompile Include="src\core\matrix_base_impl.cpp">
      <Filter>Source Files\Core</Filter>
    </ClCompile>
    <ClCompile Include="src\core\matrix_dynamic_impl.cpp">
      <Filter>Source Files\Core</Filter>
    </ClCompile>
    <ClCompile Include="src\core\storage_base_impl.cpp">
      <Filter>Source Files\Core</Filter>
    </ClCompile>
    <ClCompile Include="src\core\matrix_expr_op_impl.cpp">
      <Filter>Source Files\Core</Filter>
    </ClCompile>
    <ClCompile Include="src\core\solver_impl.cpp">
      <Filter>Source Files\Core</Filter>
    </ClCompile>
    <ClCompile Include="src\private\_memory.cpp">
      <Filter>Source Files\Details\Memory</Filter>
    </ClCompile>
    <ClCompile Include="src\private\_unified_memory.cpp">
      <Filter>Source Files\Details\Memory</Filter>
    </ClCompile>
    <ClCompile Include="src\algorithm\_splineinterp.cpp">
      <Filter>Source Files\Algs\Interpolation</Filter>
    </ClCompile>
    <ClCompile Include="include\Matrice\algs\dnn\functions\_functions.h">
      <Filter>Header Files\Algs\DeepLearning\Functions</Filter>
    </ClCompile>
    <ClCompile Include="addin\libtiff\snprintf.c">
      <Filter>Header Files\Addin\libtiff</Filter>
    </ClCompile>
    <ClCompile Include="addin\libtiff\tif_aux.c">
      <Filter>Header Files\Addin\libtiff</Filter>
    </ClCompile>
    <ClCompile Include="addin\libtiff\tif_close.c">
      <Filter>Header Files\Addin\libtiff</Filter>
    </ClCompile>
    <ClCompile Include="addin\libtiff\tif_codec.c">
      <Filter>Header Files\Addin\libtiff</Filter>
    </ClCompile>
    <ClCompile Include="addin\libtiff\tif_color.c">
      <Filter>Header Files\Addin\libtiff</Filter>
    </ClCompile>
    <ClCompile Include="addin\libtiff\tif_compress.c">
      <Filter>Header Files\Addin\libtiff</Filter>
    </ClCompile>
    <ClCompile Include="addin\libtiff\tif_dir.c">
      <Filter>Header Files\Addin\libtiff</Filter>
    </ClCompile>
    <ClCompile Include="addin\libtiff\tif_dirinfo.c">
      <Filter>Header Files\Addin\libtiff</Filter>
    </ClCompile>
    <ClCompile Include="addin\libtiff\tif_dirread.c">
      <Filter>Header Files\Addin\libtiff</Filter>
    </ClCompile>
    <ClCompile Include="addin\libtiff\tif_dirwrite.c">
      <Filter>Header Files\Addin\libtiff</Filter>
    </ClCompile>
    <ClCompile Include="addin\libtiff\tif_dumpmode.c">
      <Filter>Header Files\Addin\libtiff</Filter>
    </ClCompile>
    <ClCompile Include="addin\libtiff\tif_error.c">
      <Filter>Header Files\Addin\libtiff</Filter>
    </ClCompile>
    <ClCompile Include="addin\libtiff\tif_extension.c">
      <Filter>Header Files\Addin\libtiff</Filter>
    </ClCompile>
    <ClCompile Include="addin\libtiff\tif_fax3.c">
      <Filter>Header Files\Addin\libtiff</Filter>
    </ClCompile>
    <ClCompile Include="addin\libtiff\tif_fax3sm.c">
      <Filter>Header Files\Addin\libtiff</Filter>
    </ClCompile>
    <ClCompile Include="addin\libtiff\tif_flush.c">
      <Filter>Header Files\Addin\libtiff</Filter>
    </ClCompile>
    <ClCompile Include="addin\libtiff\tif_getimage.c">
      <Filter>Header Files\Addin\libtiff</Filter>
    </ClCompile>
    <ClCompile Include="addin\libtiff\tif_jbig.c">
      <Filter>Header Files\Addin\libtiff</Filter>
    </ClCompile>
    <ClCompile Include="addin\libtiff\tif_jpeg_12.c">
      <Filter>Header Files\Addin\libtiff</Filter>
    </ClCompile>
    <ClCompile Include="addin\libtiff\tif_luv.c">
      <Filter>Header Files\Addin\libtiff</Filter>
    </ClCompile>
    <ClCompile Include="addin\libtiff\tif_lzma.c">
      <Filter>Header Files\Addin\libtiff</Filter>
    </ClCompile>
    <ClCompile Include="addin\libtiff\tif_lzw.c">
      <Filter>Header Files\Addin\libtiff</Filter>
    </ClCompile>
    <ClCompile Include="addin\libtiff\tif_next.c">
      <Filter>Header Files\Addin\libtiff</Filter>
    </ClCompile>
    <ClCompile Include="addin\libtiff\tif_ojpeg.c">
      <Filter>Header Files\Addin\libtiff</Filter>
    </ClCompile>
    <ClCompile Include="addin\libtiff\tif_open.c">
      <Filter>Header Files\Addin\libtiff</Filter>
    </ClCompile>
    <ClCompile Include="addin\libtiff\tif_packbits.c">
      <Filter>Header Files\Addin\libtiff</Filter>
    </ClCompile>
    <ClCompile Include="addin\libtiff\tif_pixarlog.c">
      <Filter>Header Files\Addin\libtiff</Filter>
    </ClCompile>
    <ClCompile Include="addin\libtiff\tif_predict.c">
      <Filter>Header Files\Addin\libtiff</Filter>
    </ClCompile>
    <ClCompile Include="addin\libtiff\tif_print.c">
      <Filter>Header Files\Addin\libtiff</Filter>
    </ClCompile>
    <ClCompile Include="addin\libtiff\tif_read.c">
      <Filter>Header Files\Addin\libtiff</Filter>
    </ClCompile>
    <ClCompile Include="addin\libtiff\tif_stream.cxx">
      <Filter>Header Files\Addin\libtiff</Filter>
    </ClCompile>
    <ClCompile Include="addin\libtiff\tif_strip.c">
      <Filter>Header Files\Addin\libtiff</Filter>
    </ClCompile>
    <ClCompile Include="addin\libtiff\tif_swab.c">
      <Filter>Header Files\Addin\libtiff</Filter>
    </ClCompile>
    <ClCompile Include="addin\libtiff\tif_thunder.c">
      <Filter>Header Files\Addin\libtiff</Filter>
    </ClCompile>
    <ClCompile Include="addin\libtiff\tif_tile.c">
      <Filter>Header Files\Addin\libtiff</Filter>
    </ClCompile>
    <ClCompile Include="addin\libtiff\tif_version.c">
      <Filter>Header Files\Addin\libtiff</Filter>
    </ClCompile>
    <ClCompile Include="addin\libtiff\tif_warning.c">
      <Filter>Header Files\Addin\libtiff</Filter>
    </ClCompile>
    <ClCompile Include="addin\libtiff\tif_win32.c">
      <Filter>Header Files\Addin\libtiff</Filter>
    </ClCompile>
    <ClCompile Include="addin\libtiff\tif_write.c">
      <Filter>Header Files\Addin\libtiff</Filter>
    </ClCompile>
    <ClCompile Include="addin\libpng\png.c">
      <Filter>Header Files\Addin\libpng</Filter>
    </ClCompile>
    <ClCompile Include="addin\libpng\pngerror.c">
      <Filter>Header Files\Addin\libpng</Filter>
    </ClCompile>
    <ClCompile Include="addin\libpng\pngget.c">
      <Filter>Header Files\Addin\libpng</Filter>
    </ClCompile>
    <ClCompile Include="addin\libpng\pngmem.c">
      <Filter>Header Files\Addin\libpng</Filter>
    </ClCompile>
    <ClCompile Include="addin\libpng\pngpread.c">
      <Filter>Header Files\Addin\libpng</Filter>
    </ClCompile>
    <ClCompile Include="addin\libpng\pngread.c">
      <Filter>Header Files\Addin\libpng</Filter>
    </ClCompile>
    <ClCompile Include="addin\libpng\pngrio.c">
      <Filter>Header Files\Addin\libpng</Filter>
    </ClCompile>
    <ClCompile Include="addin\libpng\pngrtran.c">
      <Filter>Header Files\Addin\libpng</Filter>
    </ClCompile>
    <ClCompile Include="addin\libpng\pngrutil.c">
      <Filter>Header Files\Addin\libpng</Filter>
    </ClCompile>
    <ClCompile Include="addin\libpng\pngset.c">
      <Filter>Header Files\Addin\libpng</Filter>
    </ClCompile>
    <ClCompile Include="addin\libpng\pngtrans.c">
      <Filter>Header Files\Addin\libpng</Filter>
    </ClCompile>
    <ClCompile Include="addin\libpng\pngwio.c">
      <Filter>Header Files\Addin\libpng</Filter>
    </ClCompile>
    <ClCompile Include="addin\libpng\pngwrite.c">
      <Filter>Header Files\Addin\libpng</Filter>
    </ClCompile>
    <ClCompile Include="addin\libpng\pngwtran.c">
      <Filter>Header Files\Addin\libpng</Filter>
    </ClCompile>
    <ClCompile Include="addin\libpng\pngwutil.c">
      <Filter>Header Files\Addin\libpng</Filter>
    </ClCompile>
    <ClCompile Include="src\private\nonfree\_blas_lapack_kernels.cpp">
      <Filter>Source Files\Details\Nonfree</Filter>
    </ClCompile>
    <ClCompile Include="src\io\_tiff_wrapper.cpp">
      <Filter>Source Files\IO</Filter>
    </ClCompile>
    <ClCompile Include="src\private\math\_linear_solver_impl.cpp">
      <Filter>Source Files\Details\math</Filter>
    </ClCompile>
    <ClCompile Include="src\private\math\_linear_kernel.cpp">
      <Filter>Source Files\Details\math</Filter>
    </ClCompile>
    <ClCompile Include="src\algorithm\_bsplines.cpp">
      <Filter>Source Files\Algs\transforms</Filter>
    </ClCompile>
    <ClCompile Include="src\algorithm\transforms\_fft.cpp">
      <Filter>Source Files\Algs\transforms</Filter>
    </ClCompile>
  </ItemGroup>
  <ItemGroup>
    <None Include="include\Matrice\arch\inl\_ixpacket.inl">
      <Filter>Header Files\Arch\Inline</Filter>
    </None>
    <None Include="include\Matrice\private\_similarity.inl">
      <Filter>Header Files\Detail\inline</Filter>
    </None>
    <None Include="include\Matrice\algs\similarity\inline\_iterative_conv_impl.inl">
      <Filter>Header Files\Algs\Similarity\inl</Filter>
    </None>
    <None Include="include\Matrice\algs\correlation\inline\_optim.inl">
      <Filter>Header Files\Algs\Correlation\inline</Filter>
    </None>
    <None Include="include\Matrice\io\inline\_directory.inl">
      <Filter>Header Files\IO\inline</Filter>
    </None>
    <None Include="include\Matrice\io\inline\_data_loader.inl">
      <Filter>Header Files\IO\inline</Filter>
    </None>
    <None Include="include\core">
      <Filter>Header Files</Filter>
    </None>
    <None Include="include\algs">
      <Filter>Header Files</Filter>
    </None>
    <None Include="include\Matrice\private\inl\_base.inl">
      <Filter>Header Files\Detail\core\inline</Filter>
    </None>
    <None Include="include\Matrice\algs\geometry\inline\_transform.hpp">
      <Filter>Header Files\Algs\Geometry</Filter>
    </None>
    <None Include="include\io">
      <Filter>Header Files</Filter>
    </None>
    <None Include="include\Matrice\algs\interpolation\_base.inl">
      <Filter>Header Files\Algs\Interpolation\inline</Filter>
    </None>
    <None Include="include\Matrice\io\inline\_image.inl">
      <Filter>Header Files\IO\inline</Filter>
    </None>
    <None Include="include\Matrice\private\inl\_storage_base.inl">
      <Filter>Header Files\Detail\memory\inline</Filter>
    </None>
    <None Include="include\Matrice\private\storage\_allocator.inl">
      <Filter>Header Files\Detail\memory\inline</Filter>
    </None>
    <None Include="cpp.hint" />
    <None Include="include\Matrice\private\nonfree\inl\blas_kernel_wrapper.inl">
      <Filter>Header Files\Detail\math\nonfree\inl</Filter>
    </None>
    <None Include="include\Matrice\private\nonfree\inl\lapack_kernel_wrapper.inl">
      <Filter>Header Files\Detail\math\nonfree\inl</Filter>
    </None>
    <None Include="include\Matrice\private\inl\_matrix_op.inl">
      <Filter>Header Files\Detail\core\inline</Filter>
    </None>
    <None Include="include\Matrice\private\nonfree\inl\blas_lapack_impl.inl">
      <Filter>Header Files\Detail\math\nonfree\inl</Filter>
    </None>
    <None Include="include\Matrice\algs\stereovision\refractive3D\_refractive3d.inl">
      <Filter>Header Files\Algs\Stereovision\refractive\inline</Filter>
    </None>
  </ItemGroup>
  <ItemGroup>
    <CudaCompile Include="src\private\_dev_funcs.cu">
      <Filter>Source Files\Details\CUDA</Filter>
    </CudaCompile>
    <CudaCompile Include="src\private\_dev_ops.cu">
      <Filter>Source Files\Details\CUDA</Filter>
    </CudaCompile>
    <CudaCompile Include="src\private\cuda\_dev_matrix_base.cu">
      <Filter>Source Files\Details\CUDA</Filter>
    </CudaCompile>
    <CudaCompile Include="src\private\_dev_memory.cpp">
      <Filter>Source Files\Details\CUDA</Filter>
    </CudaCompile>
  </ItemGroup>
</Project>