
Microsoft Visual Studio Solution File, Format Version 12.00
# Visual Studio Version 16
VisualStudioVersion = 16.0.29209.62
MinimumVisualStudioVersion = 10.0.40219.1
Project("{8BC9CEB8-8B4A-11D0-8D11-00A0C91BC942}") = "Matrice", "Matrice\Matrice.vcxproj", "{E70FEE41-532B-437B-8129-F7F4E9E88BDB}"
EndProject
Project("{8BC9CEB8-8B4A-11D0-8D11-00A0C91BC942}") = "Test", "test\test.vcxproj", "{B8D446FD-83CC-4AE0-9295-D759DEA88D62}"
EndProject
Project("{8BC9CEB8-8B4A-11D0-8D11-00A0C91BC942}") = "egc-stereomatching", "..\egc-stereomatching\egc-stereomatching\egc-stereomatching.vcxproj", "{4D4A0D8B-70D5-4B29-9535-CDCF326529F2}"
EndProject
Project("{8BC9CEB8-8B4A-11D0-8D11-00A0C91BC942}") = "UnitTest", "UnitTest\UnitTest.vcxproj", "{D56BEC23-7DA4-4394-876D-C85DA51819B1}"
EndProject
Global
	GlobalSection(SolutionConfigurationPlatforms) = preSolution
		Debug|x64 = Debug|x64
		Debug|x86 = Debug|x86
		Release|x64 = Release|x64
		Release|x86 = Release|x86
	EndGlobalSection
	GlobalSection(ProjectConfigurationPlatforms) = postSolution
		{E70FEE41-532B-437B-8129-F7F4E9E88BDB}.Debug|x64.ActiveCfg = Debug|x64
		{E70FEE41-532B-437B-8129-F7F4E9E88BDB}.Debug|x64.Build.0 = Debug|x64
		{E70FEE41-532B-437B-8129-F7F4E9E88BDB}.Debug|x86.ActiveCfg = Debug|x64
		{E70FEE41-532B-437B-8129-F7F4E9E88BDB}.Release|x64.ActiveCfg = Release|x64
		{E70FEE41-532B-437B-8129-F7F4E9E88BDB}.Release|x64.Build.0 = Release|x64
		{E70FEE41-532B-437B-8129-F7F4E9E88BDB}.Release|x86.ActiveCfg = Release|x64
		{B8D446FD-83CC-4AE0-9295-D759DEA88D62}.Debug|x64.ActiveCfg = Debug|x64
		{B8D446FD-83CC-4AE0-9295-D759DEA88D62}.Debug|x64.Build.0 = Debug|x64
		{B8D446FD-83CC-4AE0-9295-D759DEA88D62}.Debug|x86.ActiveCfg = Debug|x64
		{B8D446FD-83CC-4AE0-9295-D759DEA88D62}.Release|x64.ActiveCfg = Release|x64
		{B8D446FD-83CC-4AE0-9295-D759DEA88D62}.Release|x64.Build.0 = Release|x64
		{B8D446FD-83CC-4AE0-9295-D759DEA88D62}.Release|x86.ActiveCfg = Release|x64
		{4D4A0D8B-70D5-4B29-9535-CDCF326529F2}.Debug|x64.ActiveCfg = Debug|x64
		{4D4A0D8B-70D5-4B29-9535-CDCF326529F2}.Debug|x64.Build.0 = Debug|x64
		{4D4A0D8B-70D5-4B29-9535-CDCF326529F2}.Debug|x86.ActiveCfg = Debug|x64
		{4D4A0D8B-70D5-4B29-9535-CDCF326529F2}.Release|x64.ActiveCfg = Release|x64
		{4D4A0D8B-70D5-4B29-9535-CDCF326529F2}.Release|x64.Build.0 = Release|x64
		{4D4A0D8B-70D5-4B29-9535-CDCF326529F2}.Release|x86.ActiveCfg = Release|x64
		{D56BEC23-7DA4-4394-876D-C85DA51819B1}.Debug|x64.ActiveCfg = Debug|x64
		{D56BEC23-7DA4-4394-876D-C85DA51819B1}.Debug|x64.Build.0 = Debug|x64
		{D56BEC23-7DA4-4394-876D-C85DA51819B1}.Debug|x86.ActiveCfg = Debug|Win32
		{D56BEC23-7DA4-4394-876D-C85DA51819B1}.Debug|x86.Build.0 = Debug|Win32
		{D56BEC23-7DA4-4394-876D-C85DA51819B1}.Release|x64.ActiveCfg = Release|x64
		{D56BEC23-7DA4-4394-876D-C85DA51819B1}.Release|x64.Build.0 = Release|x64
		{D56BEC23-7DA4-4394-876D-C85DA51819B1}.Release|x86.ActiveCfg = Release|Win32
		{D56BEC23-7DA4-4394-876D-C85DA51819B1}.Release|x86.Build.0 = Release|Win32
	EndGlobalSection
	GlobalSection(SolutionProperties) = preSolution
		HideSolutionNode = FALSE
	EndGlobalSection
	GlobalSection(ExtensibilityGlobals) = postSolution
		SolutionGuid = {0C1F2939-624D-4F2D-8CEA-BB748C148F6F}
	EndGlobalSection
EndGlobal
